<?xml version="1.0"?>
<CONFIG>
  <ProjectOptions>
    <Version Value="9"/>
    <General>
      <MainUnit Value="0"/>
      <ResourceType Value="res"/>
      <UseXPManifest Value="True"/>
      <Icon Value="0"/>
      <ActiveWindowIndexAtStart Value="0"/>
    </General>
    <i18n>
      <EnableI18N LFM="False"/>
    </i18n>
    <VersionInfo>
      <StringTable ProductVersion=""/>
    </VersionInfo>
    <BuildModes Count="1" Active="Default">
      <Item1 Name="Default" Default="True"/>
    </BuildModes>
    <PublishOptions>
      <Version Value="2"/>
      <DestinationDirectory Value="/home/ezekielriva/Sources/matematicaSuperior/dist"/>
      <IncludeFileFilter Value="*.(pas|pp|inc|lfm|lpr|lrs|lpi|lpk|sh|xml)"/>
      <ExcludeFileFilter Value="*.(bak|ppu|o|so);*~;backup"/>
    </PublishOptions>
    <RunParams>
      <local>
        <FormatVersion Value="1"/>
      </local>
    </RunParams>
    <RequiredPackages Count="2">
      <Item1>
        <PackageName Value="aformula"/>
      </Item1>
      <Item2>
        <PackageName Value="LCL"/>
      </Item2>
    </RequiredPackages>
    <Units Count="14">
      <Unit0>
        <Filename Value="fourierEuler.lpr"/>
        <IsPartOfProject Value="True"/>
        <UnitName Value="fourierEuler"/>
        <WindowIndex Value="0"/>
        <TopLine Value="1"/>
        <CursorPos X="1" Y="15"/>
        <UsageCount Value="54"/>
      </Unit0>
      <Unit1>
        <Filename Value="main.pas"/>
        <IsPartOfProject Value="True"/>
        <ComponentName Value="FormMain"/>
        <ResourceBaseClass Value="Form"/>
        <UnitName Value="main"/>
        <IsVisibleTab Value="True"/>
        <EditorIndex Value="0"/>
        <WindowIndex Value="0"/>
        <TopLine Value="417"/>
        <CursorPos X="1" Y="434"/>
        <UsageCount Value="54"/>
        <Loaded Value="True"/>
        <LoadedDesigner Value="True"/>
      </Unit1>
      <Unit2>
        <Filename Value="Final/lib/TArtFormula/source/formula.pas"/>
        <UnitName Value="formula"/>
        <WindowIndex Value="0"/>
        <TopLine Value="1959"/>
        <CursorPos X="1" Y="1975"/>
        <UsageCount Value="10"/>
        <DefaultSyntaxHighlighter Value="Delphi"/>
      </Unit2>
      <Unit3>
        <Filename Value="/usr/lib64/lazarus/lcl/include/application.inc"/>
        <WindowIndex Value="0"/>
        <TopLine Value="405"/>
        <CursorPos X="1" Y="431"/>
        <UsageCount Value="9"/>
      </Unit3>
      <Unit4>
        <Filename Value="/usr/lib64/lazarus/lcl/include/control.inc"/>
        <WindowIndex Value="0"/>
        <TopLine Value="2792"/>
        <CursorPos X="1" Y="2808"/>
        <UsageCount Value="9"/>
      </Unit4>
      <Unit5>
        <Filename Value="/usr/lib64/lazarus/lcl/include/wincontrol.inc"/>
        <WindowIndex Value="0"/>
        <TopLine Value="7947"/>
        <CursorPos X="1" Y="7968"/>
        <UsageCount Value="9"/>
      </Unit5>
      <Unit6>
        <Filename Value="/usr/lib64/lazarus/lcl/grids.pas"/>
        <UnitName Value="Grids"/>
        <WindowIndex Value="0"/>
        <TopLine Value="8214"/>
        <CursorPos X="1" Y="8230"/>
        <UsageCount Value="9"/>
      </Unit6>
      <Unit7>
        <Filename Value="/usr/lib64/lazarus/lcl/interfaces/gtk2/gtk2widgetset.inc"/>
        <WindowIndex Value="0"/>
        <TopLine Value="34"/>
        <CursorPos X="1" Y="50"/>
        <UsageCount Value="9"/>
      </Unit7>
      <Unit8>
        <Filename Value="/usr/lib64/lazarus/components/codetools/codetoolsstrconsts.pas"/>
        <UnitName Value="CodeToolsStrConsts"/>
        <WindowIndex Value="0"/>
        <TopLine Value="258"/>
        <CursorPos X="1" Y="296"/>
        <UsageCount Value="10"/>
      </Unit8>
      <Unit9>
        <Filename Value="/usr/lib64/lazarus/components/sdf/registersdf.pas"/>
        <UnitName Value="RegisterSDF"/>
        <WindowIndex Value="0"/>
        <TopLine Value="6"/>
        <CursorPos X="1" Y="44"/>
        <UsageCount Value="10"/>
      </Unit9>
      <Unit10>
        <Filename Value="/usr/lib64/lazarus/components/sdf/sdflaz.pas"/>
        <UnitName Value="SDFLaz"/>
        <WindowIndex Value="0"/>
        <TopLine Value="1"/>
        <CursorPos X="105" Y="21"/>
        <UsageCount Value="10"/>
      </Unit10>
      <Unit11>
        <Filename Value="Final/unit1.pas"/>
        <ComponentName Value="Form1"/>
        <HasResources Value="True"/>
        <ResourceBaseClass Value="Form"/>
        <UnitName Value="Unit1"/>
        <WindowIndex Value="0"/>
        <TopLine Value="292"/>
        <CursorPos X="34" Y="305"/>
        <UsageCount Value="11"/>
      </Unit11>
      <Unit12>
        <Filename Value="aboutus.pas"/>
        <IsPartOfProject Value="True"/>
        <ComponentName Value="FormAboutUs"/>
        <ResourceBaseClass Value="Form"/>
        <UnitName Value="aboutUs"/>
        <EditorIndex Value="1"/>
        <WindowIndex Value="0"/>
        <TopLine Value="1"/>
        <CursorPos X="4" Y="19"/>
        <UsageCount Value="23"/>
        <Loaded Value="True"/>
      </Unit12>
      <Unit13>
        <Filename Value="lib/TArtFormula/formula.pas"/>
        <UnitName Value="formula"/>
        <WindowIndex Value="0"/>
        <TopLine Value="2099"/>
        <CursorPos X="151" Y="1980"/>
        <UsageCount Value="10"/>
        <DefaultSyntaxHighlighter Value="Delphi"/>
      </Unit13>
    </Units>
    <JumpHistory Count="30" HistoryIndex="29">
      <Position1>
        <Filename Value="main.pas"/>
        <Caret Line="419" Column="2" TopLine="408"/>
      </Position1>
      <Position2>
        <Filename Value="main.pas"/>
        <Caret Line="1" Column="1" TopLine="1"/>
      </Position2>
      <Position3>
        <Filename Value="main.pas"/>
        <Caret Line="168" Column="52" TopLine="151"/>
      </Position3>
      <Position4>
        <Filename Value="main.pas"/>
        <Caret Line="174" Column="19" TopLine="133"/>
      </Position4>
      <Position5>
        <Filename Value="main.pas"/>
        <Caret Line="201" Column="29" TopLine="190"/>
      </Position5>
      <Position6>
        <Filename Value="main.pas"/>
        <Caret Line="145" Column="3" TopLine="126"/>
      </Position6>
      <Position7>
        <Filename Value="main.pas"/>
        <Caret Line="141" Column="28" TopLine="105"/>
      </Position7>
      <Position8>
        <Filename Value="main.pas"/>
        <Caret Line="395" Column="9" TopLine="382"/>
      </Position8>
      <Position9>
        <Filename Value="main.pas"/>
        <Caret Line="464" Column="60" TopLine="431"/>
      </Position9>
      <Position10>
        <Filename Value="main.pas"/>
        <Caret Line="112" Column="30" TopLine="104"/>
      </Position10>
      <Position11>
        <Filename Value="main.pas"/>
        <Caret Line="399" Column="1" TopLine="272"/>
      </Position11>
      <Position12>
        <Filename Value="main.pas"/>
        <Caret Line="205" Column="44" TopLine="193"/>
      </Position12>
      <Position13>
        <Filename Value="main.pas"/>
        <Caret Line="163" Column="17" TopLine="160"/>
      </Position13>
      <Position14>
        <Filename Value="main.pas"/>
        <Caret Line="162" Column="3" TopLine="160"/>
      </Position14>
      <Position15>
        <Filename Value="main.pas"/>
        <Caret Line="197" Column="19" TopLine="194"/>
      </Position15>
      <Position16>
        <Filename Value="main.pas"/>
        <Caret Line="196" Column="10" TopLine="166"/>
      </Position16>
      <Position17>
        <Filename Value="main.pas"/>
        <Caret Line="409" Column="96" TopLine="387"/>
      </Position17>
      <Position18>
        <Filename Value="main.pas"/>
        <Caret Line="407" Column="56" TopLine="395"/>
      </Position18>
      <Position19>
        <Filename Value="main.pas"/>
        <Caret Line="401" Column="29" TopLine="395"/>
      </Position19>
      <Position20>
        <Filename Value="main.pas"/>
        <Caret Line="408" Column="1" TopLine="395"/>
      </Position20>
      <Position21>
        <Filename Value="main.pas"/>
        <Caret Line="429" Column="38" TopLine="417"/>
      </Position21>
      <Position22>
        <Filename Value="main.pas"/>
        <Caret Line="424" Column="14" TopLine="417"/>
      </Position22>
      <Position23>
        <Filename Value="main.pas"/>
        <Caret Line="425" Column="1" TopLine="417"/>
      </Position23>
      <Position24>
        <Filename Value="main.pas"/>
        <Caret Line="426" Column="1" TopLine="417"/>
      </Position24>
      <Position25>
        <Filename Value="main.pas"/>
        <Caret Line="427" Column="1" TopLine="417"/>
      </Position25>
      <Position26>
        <Filename Value="main.pas"/>
        <Caret Line="428" Column="1" TopLine="417"/>
      </Position26>
      <Position27>
        <Filename Value="main.pas"/>
        <Caret Line="429" Column="1" TopLine="417"/>
      </Position27>
      <Position28>
        <Filename Value="main.pas"/>
        <Caret Line="430" Column="1" TopLine="417"/>
      </Position28>
      <Position29>
        <Filename Value="main.pas"/>
        <Caret Line="422" Column="1" TopLine="417"/>
      </Position29>
      <Position30>
        <Filename Value="main.pas"/>
        <Caret Line="432" Column="1" TopLine="417"/>
      </Position30>
    </JumpHistory>
  </ProjectOptions>
  <CompilerOptions>
    <Version Value="9"/>
    <Target>
      <Filename Value="fourierEuler"/>
    </Target>
    <SearchPaths>
      <IncludeFiles Value="$(ProjOutDir)"/>
      <UnitOutputDirectory Value="lib/$(TargetCPU)-$(TargetOS)"/>
    </SearchPaths>
    <Linking>
      <Options>
        <Win32>
          <GraphicApplication Value="True"/>
        </Win32>
      </Options>
    </Linking>
    <Other>
      <CompilerPath Value="$(CompPath)"/>
    </Other>
  </CompilerOptions>
  <Debugging>
    <Exceptions Count="3">
      <Item1>
        <Name Value="EAbort"/>
      </Item1>
      <Item2>
        <Name Value="ECodetoolError"/>
      </Item2>
      <Item3>
        <Name Value="EFOpenError"/>
      </Item3>
    </Exceptions>
  </Debugging>
</CONFIG>
